// !$*UTF8*$!
{
	archiveVersion = 1;
	classes = {
	};
	objectVersion = 50;
	objects = {

/* Begin PBXBuildFile section */
		8BBD94AA24EC5BE500DC0390 /* AppDelegate.swift in Sources */ = {isa = PBXBuildFile; fileRef = 8BBD94A924EC5BE500DC0390 /* AppDelegate.swift */; };
		8BBD94AC24EC5BE500DC0390 /* SceneDelegate.swift in Sources */ = {isa = PBXBuildFile; fileRef = 8BBD94AB24EC5BE500DC0390 /* SceneDelegate.swift */; };
		8BBD94AE24EC5BE500DC0390 /* ViewController.swift in Sources */ = {isa = PBXBuildFile; fileRef = 8BBD94AD24EC5BE500DC0390 /* ViewController.swift */; };
		8BBD94B124EC5BE500DC0390 /* Main.storyboard in Resources */ = {isa = PBXBuildFile; fileRef = 8BBD94AF24EC5BE500DC0390 /* Main.storyboard */; };
		8BBD94B324EC5BE800DC0390 /* Assets.xcassets in Resources */ = {isa = PBXBuildFile; fileRef = 8BBD94B224EC5BE800DC0390 /* Assets.xcassets */; };
		8BBD94B624EC5BE800DC0390 /* LaunchScreen.storyboard in Resources */ = {isa = PBXBuildFile; fileRef = 8BBD94B424EC5BE800DC0390 /* LaunchScreen.storyboard */; };
		8BBD94BE24EC5DD400DC0390 /* textClearDelegate.swift in Sources */ = {isa = PBXBuildFile; fileRef = 8BBD94BD24EC5DD400DC0390 /* textClearDelegate.swift */; };
/* End PBXBuildFile section */

/* Begin PBXFileReference section */
		8BBD94A624EC5BE500DC0390 /* MeMeme v1.app */ = {isa = PBXFileReference; explicitFileType = wrapper.application; includeInIndex = 0; path = "MeMeme v1.app"; sourceTree = BUILT_PRODUCTS_DIR; };
		8BBD94A924EC5BE500DC0390 /* AppDelegate.swift */ = {isa = PBXFileReference; lastKnownFileType = sourcecode.swift; path = AppDelegate.swift; sourceTree = "<group>"; };
		8BBD94AB24EC5BE500DC0390 /* SceneDelegate.swift */ = {isa = PBXFileReference; lastKnownFileType = sourcecode.swift; path = SceneDelegate.swift; sourceTree = "<group>"; };
		8BBD94AD24EC5BE500DC0390 /* ViewController.swift */ = {isa = PBXFileReference; lastKnownFileType = sourcecode.swift; path = ViewController.swift; sourceTree = "<group>"; };
		8BBD94B024EC5BE500DC0390 /* Base */ = {isa = PBXFileReference; lastKnownFileType = file.storyboard; name = Base; path = Base.lproj/Main.storyboard; sourceTree = "<group>"; };
		8BBD94B224EC5BE800DC0390 /* Assets.xcassets */ = {isa = PBXFileReference; lastKnownFileType = folder.assetcatalog; path = Assets.xcassets; sourceTree = "<group>"; };
		8BBD94B524EC5BE800DC0390 /* Base */ = {isa = PBXFileReference; lastKnownFileType = file.storyboard; name = Base; path = Base.lproj/LaunchScreen.storyboard; sourceTree = "<group>"; };
		8BBD94B724EC5BE800DC0390 /* Info.plist */ = {isa = PBXFileReference; lastKnownFileType = text.plist.xml; path = Info.plist; sourceTree = "<group>"; };
		8BBD94BD24EC5DD400DC0390 /* textClearDelegate.swift */ = {isa = PBXFileReference; lastKnownFileType = sourcecode.swift; path = textClearDelegate.swift; sourceTree = "<group>"; };
/* End PBXFileReference section */

/* Begin PBXFrameworksBuildPhase section */
		8BBD94A324EC5BE500DC0390 /* Frameworks */ = {
			isa = PBXFrameworksBuildPhase;
			buildActionMask = 2147483647;
			files = (
			);
			runOnlyForDeploymentPostprocessing = 0;
		};
/* End PBXFrameworksBuildPhase section */

/* Begin PBXGroup section */
		8BBD949D24EC5BE500DC0390 = {
			isa = PBXGroup;
			children = (
				8BBD94A824EC5BE500DC0390 /* MeMeme v1 */,
				8BBD94A724EC5BE500DC0390 /* Products */,
			);
			sourceTree = "<group>";
		};
		8BBD94A724EC5BE500DC0390 /* Products */ = {
			isa = PBXGroup;
			children = (
				8BBD94A624EC5BE500DC0390 /* MeMeme v1.app */,
			);
			name = Products;
			sourceTree = "<group>";
		};
		8BBD94A824EC5BE500DC0390 /* MeMeme v1 */ = {
			isa = PBXGroup;
			children = (
				8BBD94A924EC5BE500DC0390 /* AppDelegate.swift */,
				8BBD94AB24EC5BE500DC0390 /* SceneDelegate.swift */,
				8BBD94AD24EC5BE500DC0390 /* ViewController.swift */,
				8BBD94AF24EC5BE500DC0390 /* Main.storyboard */,
				8BBD94B224EC5BE800DC0390 /* Assets.xcassets */,
				8BBD94B424EC5BE800DC0390 /* LaunchScreen.storyboard */,
				8BBD94B724EC5BE800DC0390 /* Info.plist */,
				8BBD94BD24EC5DD400DC0390 /* textClearDelegate.swift */,
			);
			path = "MeMeme v1";
			sourceTree = "<group>";
		};
/* End PBXGroup section */

/* Begin PBXNativeTarget section */
		8BBD94A524EC5BE500DC0390 /* MeMeme v1 */ = {
			isa = PBXNativeTarget;
			buildConfigurationList = 8BBD94BA24EC5BE800DC0390 /* Build configuration list for PBXNativeTarget "MeMeme v1" */;
			buildPhases = (
				8BBD94A224EC5BE500DC0390 /* Sources */,
				8BBD94A324EC5BE500DC0390 /* Frameworks */,
				8BBD94A424EC5BE500DC0390 /* Resources */,
			);
			buildRules = (
			);
			dependencies = (
			);
			name = "MeMeme v1";
			productName = "MeMeme v1";
			productReference = 8BBD94A624EC5BE500DC0390 /* MeMeme v1.app */;
			productType = "com.apple.product-type.application";
		};
/* End PBXNativeTarget section */

/* Begin PBXProject section */
		8BBD949E24EC5BE500DC0390 /* Project object */ = {
			isa = PBXProject;
			attributes = {
				LastSwiftUpdateCheck = 1160;
				LastUpgradeCheck = 1160;
				ORGANIZATIONNAME = "Anan Yousef";
				TargetAttributes = {
					8BBD94A524EC5BE500DC0390 = {
						CreatedOnToolsVersion = 11.6;
					};
				};
			};
			buildConfigurationList = 8BBD94A124EC5BE500DC0390 /* Build configuration list for PBXProject "MeMeme v1" */;
			compatibilityVersion = "Xcode 9.3";
			developmentRegion = en;
			hasScannedForEncodings = 0;
			knownRegions = (
				en,
				Base,
			);
			mainGroup = 8BBD949D24EC5BE500DC0390;
			productRefGroup = 8BBD94A724EC5BE500DC0390 /* Products */;
			projectDirPath = "";
			projectRoot = "";
			targets = (
				8BBD94A524EC5BE500DC0390 /* MeMeme v1 */,
			);
		};
/* End PBXProject section */

/* Begin PBXResourcesBuildPhase section */
		8BBD94A424EC5BE500DC0390 /* Resources */ = {
			isa = PBXResourcesBuildPhase;
			buildActionMask = 2147483647;
			files = (
				8BBD94B624EC5BE800DC0390 /* LaunchScreen.storyboard in Resources */,
				8BBD94B324EC5BE800DC0390 /* Assets.xcassets in Resources */,
				8BBD94B124EC5BE500DC0390 /* Main.storyboard in Resources */,
			);
			runOnlyForDeploymentPostprocessing = 0;
		};
/* End PBXResourcesBuildPhase section */

/* Begin PBXSourcesBuildPhase section */
		8BBD94A224EC5BE500DC0390 /* Sources */ = {
			isa = PBXSourcesBuildPhase;
			buildActionMask = 2147483647;
			files = (
				8BBD94AE24EC5BE500DC0390 /* ViewController.swift in Sources */,
				8BBD94BE24EC5DD400DC0390 /* textClearDelegate.swift in Sources */,
				8BBD94AA24EC5BE500DC0390 /* AppDelegate.swift in Sources */,
				8BBD94AC24EC5BE500DC0390 /* SceneDelegate.swift in Sources */,
			);
			runOnlyForDeploymentPostprocessing = 0;
		};
/* End PBXSourcesBuildPhase section */

/* Begin PBXVariantGroup section */
		8BBD94AF24EC5BE500DC0390 /* Main.storyboard */ = {
			isa = PBXVariantGroup;
			children = (
				8BBD94B024EC5BE500DC0390 /* Base */,
			);
			name = Main.storyboard;
			sourceTree = "<group>";
		};
		8BBD94B424EC5BE800DC0390 /* LaunchScreen.storyboard */ = {
			isa = PBXVariantGroup;
			children = (
				8BBD94B524EC5BE800DC0390 /* Base */,
			);
			name = LaunchScreen.storyboard;
			sourceTree = "<group>";
		};
/* End PBXVariantGroup section */

/* Begin XCBuildConfiguration section */
		8BBD94B824EC5BE800DC0390 /* Debug */ = {
			isa = XCBuildConfiguration;
			buildSettings = {
				ALWAYS_SEARCH_USER_PATHS = NO;
				CLANG_ANALYZER_NONNULL = YES;
				CLANG_ANALYZER_NUMBER_OBJECT_CONVERSION = YES_AGGRESSIVE;
				CLANG_CXX_LANGUAGE_STANDARD = "gnu++14";
				CLANG_CXX_LIBRARY = "libc++";
				CLANG_ENABLE_MODULES = YES;
				CLANG_ENABLE_OBJC_ARC = YES;
				CLANG_ENABLE_OBJC_WEAK = YES;
				CLANG_WARN_BLOCK_CAPTURE_AUTORELEASING = YES;
				CLANG_WARN_BOOL_CONVERSION = YES;
				CLANG_WARN_COMMA = YES;
				CLANG_WARN_CONSTANT_CONVERSION = YES;
				CLANG_WARN_DEPRECATED_OBJC_IMPLEMENTATIONS = YES;
				CLANG_WARN_DIRECT_OBJC_ISA_USAGE = YES_ERROR;
				CLANG_WARN_DOCUMENTATION_COMMENTS = YES;
				CLANG_WARN_EMPTY_BODY = YES;
				CLANG_WARN_ENUM_CONVERSION = YES;
				CLANG_WARN_INFINITE_RECURSION = YES;
				CLANG_WARN_INT_CONVERSION = YES;
				CLANG_WARN_NON_LITERAL_NULL_CONVERSION = YES;
				CLANG_WARN_OBJC_IMPLICIT_RETAIN_SELF = YES;
				CLANG_WARN_OBJC_LITERAL_CONVERSION = YES;
				CLANG_WARN_OBJC_ROOT_CLASS = YES_ERROR;
				CLANG_WARN_RANGE_LOOP_ANALYSIS = YES;
				CLANG_WARN_STRICT_PROTOTYPES = YES;
				CLANG_WARN_SUSPICIOUS_MOVE = YES;
				CLANG_WARN_UNGUARDED_AVAILABILITY = YES_AGGRESSIVE;
				CLANG_WARN_UNREACHABLE_CODE = YES;
				CLANG_WARN__DUPLICATE_METHOD_MATCH = YES;
				COPY_PHASE_STRIP = NO;
				DEBUG_INFORMATION_FORMAT = dwarf;
				ENABLE_STRICT_OBJC_MSGSEND = YES;
				ENABLE_TESTABILITY = YES;
				GCC_C_LANGUAGE_STANDARD = gnu11;
				GCC_DYNAMIC_NO_PIC = NO;
				GCC_NO_COMMON_BLOCKS = YES;
				GCC_OPTIMIZATION_LEVEL = 0;
				GCC_PREPROCESSOR_DEFINITIONS = (
					"DEBUG=1",
					"$(inherited)",
				);
				GCC_WARN_64_TO_32_BIT_CONVERSION = YES;
				GCC_WARN_ABOUT_RETURN_TYPE = YES_ERROR;
				GCC_WARN_UNDECLARED_SELECTOR = YES;
				GCC_WARN_UNINITIALIZED_AUTOS = YES_AGGRESSIVE;
				GCC_WARN_UNUSED_FUNCTION = YES;
				GCC_WARN_UNUSED_VARIABLE = YES;
				IPHONEOS_DEPLOYMENT_TARGET = 13.6;
				MTL_ENABLE_DEBUG_INFO = INCLUDE_SOURCE;
				MTL_FAST_MATH = YES;
				ONLY_ACTIVE_ARCH = YES;
				SDKROOT = iphoneos;
				SWIFT_ACTIVE_COMPILATION_CONDITIONS = DEBUG;
				SWIFT_OPTIMIZATION_LEVEL = "-Onone";
			};
			name = Debug;
		};
		8BBD94B924EC5BE800DC0390 /* Release */ = {
			isa = XCBuildConfiguration;
			buildSettings = {
				ALWAYS_SEARCH_USER_PATHS = NO;
				CLANG_ANALYZER_NONNULL = YES;
				CLANG_ANALYZER_NUMBER_OBJECT_CONVERSION = YES_AGGRESSIVE;
				CLANG_CXX_LANGUAGE_STANDARD = "gnu++14";
				CLANG_CXX_LIBRARY = "libc++";
				CLANG_ENABLE_MODULES = YES;
				CLANG_ENABLE_OBJC_ARC = YES;
				CLANG_ENABLE_OBJC_WEAK = YES;
				CLANG_WARN_BLOCK_CAPTURE_AUTORELEASING = YES;
				CLANG_WARN_BOOL_CONVERSION = YES;
				CLANG_WARN_COMMA = YES;
				CLANG_WARN_CONSTANT_CONVERSION = YES;
				CLANG_WARN_DEPRECATED_OBJC_IMPLEMENTATIONS = YES;
				CLANG_WARN_DIRECT_OBJC_ISA_USAGE = YES_ERROR;
				CLANG_WARN_DOCUMENTATION_COMMENTS = YES;
				CLANG_WARN_EMPTY_BODY = YES;
				CLANG_WARN_ENUM_CONVERSION = YES;
				CLANG_WARN_INFINITE_RECURSION = YES;
				CLANG_WARN_INT_CONVERSION = YES;
				CLANG_WARN_NON_LITERAL_NULL_CONVERSION = YES;
				CLANG_WARN_OBJC_IMPLICIT_RETAIN_SELF = YES;
				CLANG_WARN_OBJC_LITERAL_CONVERSION = YES;
				CLANG_WARN_OBJC_ROOT_CLASS = YES_ERROR;
				CLANG_WARN_RANGE_LOOP_ANALYSIS = YES;
				CLANG_WARN_STRICT_PROTOTYPES = YES;
				CLANG_WARN_SUSPICIOUS_MOVE = YES;
				CLANG_WARN_UNGUARDED_AVAILABILITY = YES_AGGRESSIVE;
				CLANG_WARN_UNREACHABLE_CODE = YES;
				CLANG_WARN__DUPLICATE_METHOD_MATCH = YES;
				COPY_PHASE_STRIP = NO;
				DEBUG_INFORMATION_FORMAT = "dwarf-with-dsym";
				ENABLE_NS_ASSERTIONS = NO;
				ENABLE_STRICT_OBJC_MSGSEND = YES;
				GCC_C_LANGUAGE_STANDARD = gnu11;
				GCC_NO_COMMON_BLOCKS = YES;
				GCC_WARN_64_TO_32_BIT_CONVERSION = YES;
				GCC_WARN_ABOUT_RETURN_TYPE = YES_ERROR;
				GCC_WARN_UNDECLARED_SELECTOR = YES;
				GCC_WARN_UNINITIALIZED_AUTOS = YES_AGGRESSIVE;
				GCC_WARN_UNUSED_FUNCTION = YES;
				GCC_WARN_UNUSED_VARIABLE = YES;
				IPHONEOS_DEPLOYMENT_TARGET = 13.6;
				MTL_ENABLE_DEBUG_INFO = NO;
				MTL_FAST_MATH = YES;
				SDKROOT = iphoneos;
				SWIFT_COMPILATION_MODE = wholemodule;
				SWIFT_OPTIMIZATION_LEVEL = "-O";
				VALIDATE_PRODUCT = YES;
			};
			name = Release;
		};
		8BBD94BB24EC5BE800DC0390 /* Debug */ = {
			isa = XCBuildConfiguration;
			buildSettings = {
				ASSETCATALOG_COMPILER_APPICON_NAME = AppIcon;
				CODE_SIGN_STYLE = Automatic;
				DEVELOPMENT_TEAM = VHBW72T8M6;
				INFOPLIST_FILE = "MeMeme v1/Info.plist";
				LD_RUNPATH_SEARCH_PATHS = (
					"$(inherited)",
					"@executable_path/Frameworks",
				);
				PRODUCT_BUNDLE_IDENTIFIER = "pal.MeMeme-v1";
				PRODUCT_NAME = "$(TARGET_NAME)";
				SWIFT_VERSION = 5.0;
				TARGETED_DEVICE_FAMILY = "1,2";
			};
			name = Debug;
		};
		8BBD94BC24EC5BE800DC0390 /* Release */ = {
			isa = XCBuildConfiguration;
			buildSettings = {
				ASSETCATALOG_COMPILER_APPICON_NAME = AppIcon;
				CODE_SIGN_STYLE = Automatic;
				DEVELOPMENT_TEAM = VHBW72T8M6;
				INFOPLIST_FILE = "MeMeme v1/Info.plist";
				LD_RUNPATH_SEARCH_PATHS = (
					"$(inherited)",
					"@executable_path/Frameworks",
				);
				PRODUCT_BUNDLE_IDENTIFIER = "pal.MeMeme-v1";
				PRODUCT_NAME = "$(TARGET_NAME)";
				SWIFT_VERSION = 5.0;
				TARGETED_DEVICE_FAMILY = "1,2";
			};
			name = Release;
		};
/* End XCBuildConfiguration section */

/* Begin XCConfigurationList section */
		8BBD94A124EC5BE500DC0390 /* Build configuration list for PBXProject "MeMeme v1" */ = {
			isa = XCConfigurationList;
			buildConfigurations = (
				8BBD94B824EC5BE800DC0390 /* Debug */,
				8BBD94B924EC5BE800DC0390 /* Release */,
			);
			defaultConfigurationIsVisible = 0;
			defaultConfigurationName = Release;
		};
		8BBD94BA24EC5BE800DC0390 /* Build configuration list for PBXNativeTarget "MeMeme v1" */ = {
			isa = XCConfigurationList;
			buildConfigurations = (
				8BBD94BB24EC5BE800DC0390 /* Debug */,
				8BBD94BC24EC5BE800DC0390 /* Release */,
			);
			defaultConfigurationIsVisible = 0;
			defaultConfigurationName = Release;
		};
/* End XCConfigurationList section */
	};
	rootObject = 8BBD949E24EC5BE500DC0390 /* Project object */;
}
